
Microsoft Visual Studio Solution File, Format Version 12.00
# Visual Studio 14
VisualStudioVersion = 14.0.23107.0
MinimumVisualStudioVersion = 10.0.40219.1
Project("{FAE04EC0-301F-11D3-BF4B-00C04F79EFBC}") = "SpeechRec", "SpeechRec\SpeechRec.csproj", "{0E82902C-4D6A-4BBF-923A-86CCE639487D}"
EndProject
Project("{FAE04EC0-301F-11D3-BF4B-00C04F79EFBC}") = "InternetConnCheck", "InternetConnCheck\InternetConnCheck.csproj", "{1CC39E86-6B20-4A6E-811A-EB07D5D4EBDE}"
EndProject
Global
	GlobalSection(SolutionConfigurationPlatforms) = preSolution
		Debug|Any CPU = Debug|Any CPU
		Release|Any CPU = Release|Any CPU
	EndGlobalSection
	GlobalSection(ProjectConfigurationPlatforms) = postSolution
		{0E82902C-4D6A-4BBF-923A-86CCE639487D}.Debug|Any CPU.ActiveCfg = Debug|Any CPU
		{0E82902C-4D6A-4BBF-923A-86CCE639487D}.Debug|Any CPU.Build.0 = Debug|Any CPU
		{0E82902C-4D6A-4BBF-923A-86CCE639487D}.Release|Any CPU.ActiveCfg = Release|Any CPU
		{0E82902C-4D6A-4BBF-923A-86CCE639487D}.Release|Any CPU.Build.0 = Release|Any CPU
		{1CC39E86-6B20-4A6E-811A-EB07D5D4EBDE}.Debug|Any CPU.ActiveCfg = Debug|Any CPU
		{1CC39E86-6B20-4A6E-811A-EB07D5D4EBDE}.Debug|Any CPU.Build.0 = Debug|Any CPU
		{1CC39E86-6B20-4A6E-811A-EB07D5D4EBDE}.Release|Any CPU.ActiveCfg = Release|Any CPU
		{1CC39E86-6B20-4A6E-811A-EB07D5D4EBDE}.Release|Any CPU.Build.0 = Release|Any CPU
	EndGlobalSection
	GlobalSection(SolutionProperties) = preSolution
		HideSolutionNode = FALSE
	EndGlobalSection
EndGlobal
